// !$*UTF8*$!
{
	archiveVersion = 1;
	classes = {
	};
	objectVersion = 56;
	objects = {

/* Begin PBXBuildFile section */
		1EB68441268A8E965CE7A256 /* Pods_p2hacks.framework in Frameworks */ = {isa = PBXBuildFile; fileRef = C178589942D1E8CB850C3416 /* Pods_p2hacks.framework */; };
		872C7BD55AEBE89ABF7B8AD0 /* Pods_p2hacks_p2hacksUITests.framework in Frameworks */ = {isa = PBXBuildFile; fileRef = CBAB89BF4AAA917E1787B6AB /* Pods_p2hacks_p2hacksUITests.framework */; };
		8730B96C29474D89006BB0C3 /* Post.storyboard in Resources */ = {isa = PBXBuildFile; fileRef = 8730B96B29474D89006BB0C3 /* Post.storyboard */; };
		8730B96E29474DA3006BB0C3 /* Detail.storyboard in Resources */ = {isa = PBXBuildFile; fileRef = 8730B96D29474DA3006BB0C3 /* Detail.storyboard */; };
		8730B97029474DB4006BB0C3 /* DetailViewController.swift in Sources */ = {isa = PBXBuildFile; fileRef = 8730B96F29474DB4006BB0C3 /* DetailViewController.swift */; };
		8730B97229474E08006BB0C3 /* PostViewController.swift in Sources */ = {isa = PBXBuildFile; fileRef = 8730B97129474E08006BB0C3 /* PostViewController.swift */; };
		87D9706B2949D298006814B0 /* Post.swift in Sources */ = {isa = PBXBuildFile; fileRef = 87D9706A2949D298006814B0 /* Post.swift */; };
		87D97074294B23F8006814B0 /* Data.json in Resources */ = {isa = PBXBuildFile; fileRef = 87D97073294B23F8006814B0 /* Data.json */; };
		92BF089E2944868000E37B14 /* AppDelegate.swift in Sources */ = {isa = PBXBuildFile; fileRef = 92BF089D2944868000E37B14 /* AppDelegate.swift */; };
		92BF08A02944868000E37B14 /* SceneDelegate.swift in Sources */ = {isa = PBXBuildFile; fileRef = 92BF089F2944868000E37B14 /* SceneDelegate.swift */; };
		92BF08A22944868000E37B14 /* ItiranViewController.swift in Sources */ = {isa = PBXBuildFile; fileRef = 92BF08A12944868000E37B14 /* ItiranViewController.swift */; };
		92BF08A52944868000E37B14 /* Itiran.storyboard in Resources */ = {isa = PBXBuildFile; fileRef = 92BF08A32944868000E37B14 /* Itiran.storyboard */; };
		92BF08A82944868000E37B14 /* p2hacks.xcdatamodeld in Sources */ = {isa = PBXBuildFile; fileRef = 92BF08A62944868000E37B14 /* p2hacks.xcdatamodeld */; };
		92BF08AA2944868100E37B14 /* Assets.xcassets in Resources */ = {isa = PBXBuildFile; fileRef = 92BF08A92944868100E37B14 /* Assets.xcassets */; };
		92BF08AD2944868100E37B14 /* LaunchScreen.storyboard in Resources */ = {isa = PBXBuildFile; fileRef = 92BF08AB2944868100E37B14 /* LaunchScreen.storyboard */; };
		92BF08B82944868100E37B14 /* p2hacksTests.swift in Sources */ = {isa = PBXBuildFile; fileRef = 92BF08B72944868100E37B14 /* p2hacksTests.swift */; };
		92BF08C22944868100E37B14 /* p2hacksUITests.swift in Sources */ = {isa = PBXBuildFile; fileRef = 92BF08C12944868100E37B14 /* p2hacksUITests.swift */; };
		92BF08C42944868100E37B14 /* p2hacksUITestsLaunchTests.swift in Sources */ = {isa = PBXBuildFile; fileRef = 92BF08C32944868100E37B14 /* p2hacksUITestsLaunchTests.swift */; };
		92FCA4D4294757E400297B5B /* CustomCellCollectionViewCell.swift in Sources */ = {isa = PBXBuildFile; fileRef = 92FCA4D2294757E400297B5B /* CustomCellCollectionViewCell.swift */; };
		92FCA4D5294757E400297B5B /* CustomCellCollectionViewCell.xib in Resources */ = {isa = PBXBuildFile; fileRef = 92FCA4D3294757E400297B5B /* CustomCellCollectionViewCell.xib */; };
		92FCA4D72947612400297B5B /* DemoModel.swift in Sources */ = {isa = PBXBuildFile; fileRef = 92FCA4D62947612400297B5B /* DemoModel.swift */; };
		B6AC6944F081A1B8ADFCD27D /* Pods_p2hacksTests.framework in Frameworks */ = {isa = PBXBuildFile; fileRef = 2DE6FD39B1F35B0F2A497FF3 /* Pods_p2hacksTests.framework */; };
/* End PBXBuildFile section */

/* Begin PBXContainerItemProxy section */
		92BF08B42944868100E37B14 /* PBXContainerItemProxy */ = {
			isa = PBXContainerItemProxy;
			containerPortal = 92BF08922944868000E37B14 /* Project object */;
			proxyType = 1;
			remoteGlobalIDString = 92BF08992944868000E37B14;
			remoteInfo = p2hacks;
		};
		92BF08BE2944868100E37B14 /* PBXContainerItemProxy */ = {
			isa = PBXContainerItemProxy;
			containerPortal = 92BF08922944868000E37B14 /* Project object */;
			proxyType = 1;
			remoteGlobalIDString = 92BF08992944868000E37B14;
			remoteInfo = p2hacks;
		};
/* End PBXContainerItemProxy section */

/* Begin PBXFileReference section */
		2DE6FD39B1F35B0F2A497FF3 /* Pods_p2hacksTests.framework */ = {isa = PBXFileReference; explicitFileType = wrapper.framework; includeInIndex = 0; path = Pods_p2hacksTests.framework; sourceTree = BUILT_PRODUCTS_DIR; };
		3E8BBC7F20E1B4F6A9AFD62C /* Pods-p2hacks-p2hacksUITests.release.xcconfig */ = {isa = PBXFileReference; includeInIndex = 1; lastKnownFileType = text.xcconfig; name = "Pods-p2hacks-p2hacksUITests.release.xcconfig"; path = "Target Support Files/Pods-p2hacks-p2hacksUITests/Pods-p2hacks-p2hacksUITests.release.xcconfig"; sourceTree = "<group>"; };
		4B93750AE22F158B4776A67D /* Pods-p2hacksTests.release.xcconfig */ = {isa = PBXFileReference; includeInIndex = 1; lastKnownFileType = text.xcconfig; name = "Pods-p2hacksTests.release.xcconfig"; path = "Target Support Files/Pods-p2hacksTests/Pods-p2hacksTests.release.xcconfig"; sourceTree = "<group>"; };
		8730B96B29474D89006BB0C3 /* Post.storyboard */ = {isa = PBXFileReference; lastKnownFileType = file.storyboard; path = Post.storyboard; sourceTree = "<group>"; };
		8730B96D29474DA3006BB0C3 /* Detail.storyboard */ = {isa = PBXFileReference; lastKnownFileType = file.storyboard; path = Detail.storyboard; sourceTree = "<group>"; };
		8730B96F29474DB4006BB0C3 /* DetailViewController.swift */ = {isa = PBXFileReference; lastKnownFileType = sourcecode.swift; path = DetailViewController.swift; sourceTree = "<group>"; };
		8730B97129474E08006BB0C3 /* PostViewController.swift */ = {isa = PBXFileReference; lastKnownFileType = sourcecode.swift; path = PostViewController.swift; sourceTree = "<group>"; };
		87D9706A2949D298006814B0 /* Post.swift */ = {isa = PBXFileReference; lastKnownFileType = sourcecode.swift; path = Post.swift; sourceTree = "<group>"; };
		87D97073294B23F8006814B0 /* Data.json */ = {isa = PBXFileReference; fileEncoding = 4; lastKnownFileType = text.json; path = Data.json; sourceTree = "<group>"; };
		92BF089A2944868000E37B14 /* p2hacks.app */ = {isa = PBXFileReference; explicitFileType = wrapper.application; includeInIndex = 0; path = p2hacks.app; sourceTree = BUILT_PRODUCTS_DIR; };
		92BF089D2944868000E37B14 /* AppDelegate.swift */ = {isa = PBXFileReference; lastKnownFileType = sourcecode.swift; path = AppDelegate.swift; sourceTree = "<group>"; };
		92BF089F2944868000E37B14 /* SceneDelegate.swift */ = {isa = PBXFileReference; lastKnownFileType = sourcecode.swift; path = SceneDelegate.swift; sourceTree = "<group>"; };
		92BF08A12944868000E37B14 /* ItiranViewController.swift */ = {isa = PBXFileReference; lastKnownFileType = sourcecode.swift; path = ItiranViewController.swift; sourceTree = "<group>"; };
		92BF08A42944868000E37B14 /* Base */ = {isa = PBXFileReference; lastKnownFileType = file.storyboard; name = Base; path = Base.lproj/Itiran.storyboard; sourceTree = "<group>"; };
		92BF08A72944868000E37B14 /* p2hacks.xcdatamodel */ = {isa = PBXFileReference; lastKnownFileType = wrapper.xcdatamodel; path = p2hacks.xcdatamodel; sourceTree = "<group>"; };
		92BF08A92944868100E37B14 /* Assets.xcassets */ = {isa = PBXFileReference; lastKnownFileType = folder.assetcatalog; path = Assets.xcassets; sourceTree = "<group>"; };
		92BF08AC2944868100E37B14 /* Base */ = {isa = PBXFileReference; lastKnownFileType = file.storyboard; name = Base; path = Base.lproj/LaunchScreen.storyboard; sourceTree = "<group>"; };
		92BF08AE2944868100E37B14 /* Info.plist */ = {isa = PBXFileReference; lastKnownFileType = text.plist.xml; path = Info.plist; sourceTree = "<group>"; };
		92BF08B32944868100E37B14 /* p2hacksTests.xctest */ = {isa = PBXFileReference; explicitFileType = wrapper.cfbundle; includeInIndex = 0; path = p2hacksTests.xctest; sourceTree = BUILT_PRODUCTS_DIR; };
		92BF08B72944868100E37B14 /* p2hacksTests.swift */ = {isa = PBXFileReference; lastKnownFileType = sourcecode.swift; path = p2hacksTests.swift; sourceTree = "<group>"; };
		92BF08BD2944868100E37B14 /* p2hacksUITests.xctest */ = {isa = PBXFileReference; explicitFileType = wrapper.cfbundle; includeInIndex = 0; path = p2hacksUITests.xctest; sourceTree = BUILT_PRODUCTS_DIR; };
		92BF08C12944868100E37B14 /* p2hacksUITests.swift */ = {isa = PBXFileReference; lastKnownFileType = sourcecode.swift; path = p2hacksUITests.swift; sourceTree = "<group>"; };
		92BF08C32944868100E37B14 /* p2hacksUITestsLaunchTests.swift */ = {isa = PBXFileReference; lastKnownFileType = sourcecode.swift; path = p2hacksUITestsLaunchTests.swift; sourceTree = "<group>"; };
		92FCA4D2294757E400297B5B /* CustomCellCollectionViewCell.swift */ = {isa = PBXFileReference; lastKnownFileType = sourcecode.swift; path = CustomCellCollectionViewCell.swift; sourceTree = "<group>"; };
		92FCA4D3294757E400297B5B /* CustomCellCollectionViewCell.xib */ = {isa = PBXFileReference; lastKnownFileType = file.xib; path = CustomCellCollectionViewCell.xib; sourceTree = "<group>"; };
		92FCA4D62947612400297B5B /* DemoModel.swift */ = {isa = PBXFileReference; lastKnownFileType = sourcecode.swift; path = DemoModel.swift; sourceTree = "<group>"; };
		C178589942D1E8CB850C3416 /* Pods_p2hacks.framework */ = {isa = PBXFileReference; explicitFileType = wrapper.framework; includeInIndex = 0; path = Pods_p2hacks.framework; sourceTree = BUILT_PRODUCTS_DIR; };
		CBAB89BF4AAA917E1787B6AB /* Pods_p2hacks_p2hacksUITests.framework */ = {isa = PBXFileReference; explicitFileType = wrapper.framework; includeInIndex = 0; path = Pods_p2hacks_p2hacksUITests.framework; sourceTree = BUILT_PRODUCTS_DIR; };
		D33C7071CF22C67C21C609B5 /* Pods-p2hacksTests.debug.xcconfig */ = {isa = PBXFileReference; includeInIndex = 1; lastKnownFileType = text.xcconfig; name = "Pods-p2hacksTests.debug.xcconfig"; path = "Target Support Files/Pods-p2hacksTests/Pods-p2hacksTests.debug.xcconfig"; sourceTree = "<group>"; };
		D7810C7DBE7CCAD3CF604A6E /* Pods-p2hacks.debug.xcconfig */ = {isa = PBXFileReference; includeInIndex = 1; lastKnownFileType = text.xcconfig; name = "Pods-p2hacks.debug.xcconfig"; path = "Target Support Files/Pods-p2hacks/Pods-p2hacks.debug.xcconfig"; sourceTree = "<group>"; };
		EC122A386119BBAC28F05F71 /* Pods-p2hacks.release.xcconfig */ = {isa = PBXFileReference; includeInIndex = 1; lastKnownFileType = text.xcconfig; name = "Pods-p2hacks.release.xcconfig"; path = "Target Support Files/Pods-p2hacks/Pods-p2hacks.release.xcconfig"; sourceTree = "<group>"; };
		F06445BF9A5F3521BFD764BA /* Pods-p2hacks-p2hacksUITests.debug.xcconfig */ = {isa = PBXFileReference; includeInIndex = 1; lastKnownFileType = text.xcconfig; name = "Pods-p2hacks-p2hacksUITests.debug.xcconfig"; path = "Target Support Files/Pods-p2hacks-p2hacksUITests/Pods-p2hacks-p2hacksUITests.debug.xcconfig"; sourceTree = "<group>"; };
/* End PBXFileReference section */

/* Begin PBXFrameworksBuildPhase section */
		92BF08972944868000E37B14 /* Frameworks */ = {
			isa = PBXFrameworksBuildPhase;
			buildActionMask = 2147483647;
			files = (
				1EB68441268A8E965CE7A256 /* Pods_p2hacks.framework in Frameworks */,
			);
			runOnlyForDeploymentPostprocessing = 0;
		};
		92BF08B02944868100E37B14 /* Frameworks */ = {
			isa = PBXFrameworksBuildPhase;
			buildActionMask = 2147483647;
			files = (
				B6AC6944F081A1B8ADFCD27D /* Pods_p2hacksTests.framework in Frameworks */,
			);
			runOnlyForDeploymentPostprocessing = 0;
		};
		92BF08BA2944868100E37B14 /* Frameworks */ = {
			isa = PBXFrameworksBuildPhase;
			buildActionMask = 2147483647;
			files = (
				872C7BD55AEBE89ABF7B8AD0 /* Pods_p2hacks_p2hacksUITests.framework in Frameworks */,
			);
			runOnlyForDeploymentPostprocessing = 0;
		};
/* End PBXFrameworksBuildPhase section */

/* Begin PBXGroup section */
		8730B97329474E34006BB0C3 /* Itiran */ = {
			isa = PBXGroup;
			children = (
				92BF08A32944868000E37B14 /* Itiran.storyboard */,
				92BF08A12944868000E37B14 /* ItiranViewController.swift */,
				92FCA4D3294757E400297B5B /* CustomCellCollectionViewCell.xib */,
				92FCA4D2294757E400297B5B /* CustomCellCollectionViewCell.swift */,
				92FCA4D62947612400297B5B /* DemoModel.swift */,
			);
			path = Itiran;
			sourceTree = "<group>";
		};
		8730B97429474E47006BB0C3 /* Post */ = {
			isa = PBXGroup;
			children = (
				8730B96B29474D89006BB0C3 /* Post.storyboard */,
				8730B97129474E08006BB0C3 /* PostViewController.swift */,
				87D9706A2949D298006814B0 /* Post.swift */,
			);
			path = Post;
			sourceTree = "<group>";
		};
		8730B97529474E4F006BB0C3 /* Detail */ = {
			isa = PBXGroup;
			children = (
				8730B96D29474DA3006BB0C3 /* Detail.storyboard */,
				8730B96F29474DB4006BB0C3 /* DetailViewController.swift */,
			);
			path = Detail;
			sourceTree = "<group>";
		};
		87D9706C2949EC99006814B0 /* JSON */ = {
			isa = PBXGroup;
			children = (
				87D97073294B23F8006814B0 /* Data.json */,
			);
			path = JSON;
			sourceTree = "<group>";
		};
		92BF08912944868000E37B14 = {
			isa = PBXGroup;
			children = (
				92BF089C2944868000E37B14 /* p2hacks */,
				92BF08B62944868100E37B14 /* p2hacksTests */,
				92BF08C02944868100E37B14 /* p2hacksUITests */,
				92BF089B2944868000E37B14 /* Products */,
				ED71125D9ECCEDDC310826EB /* Pods */,
				C04FFBB55DED69BAA3398042 /* Frameworks */,
			);
			sourceTree = "<group>";
		};
		92BF089B2944868000E37B14 /* Products */ = {
			isa = PBXGroup;
			children = (
				92BF089A2944868000E37B14 /* p2hacks.app */,
				92BF08B32944868100E37B14 /* p2hacksTests.xctest */,
				92BF08BD2944868100E37B14 /* p2hacksUITests.xctest */,
			);
			name = Products;
			sourceTree = "<group>";
		};
		92BF089C2944868000E37B14 /* p2hacks */ = {
			isa = PBXGroup;
			children = (
				92BF089D2944868000E37B14 /* AppDelegate.swift */,
				92BF089F2944868000E37B14 /* SceneDelegate.swift */,
				87D9706C2949EC99006814B0 /* JSON */,
				8730B97329474E34006BB0C3 /* Itiran */,
				8730B97429474E47006BB0C3 /* Post */,
				8730B97529474E4F006BB0C3 /* Detail */,
				92BF08A92944868100E37B14 /* Assets.xcassets */,
				92BF08AB2944868100E37B14 /* LaunchScreen.storyboard */,
				92BF08AE2944868100E37B14 /* Info.plist */,
				92BF08A62944868000E37B14 /* p2hacks.xcdatamodeld */,
			);
			path = p2hacks;
			sourceTree = "<group>";
		};
		92BF08B62944868100E37B14 /* p2hacksTests */ = {
			isa = PBXGroup;
			children = (
				92BF08B72944868100E37B14 /* p2hacksTests.swift */,
			);
			path = p2hacksTests;
			sourceTree = "<group>";
		};
		92BF08C02944868100E37B14 /* p2hacksUITests */ = {
			isa = PBXGroup;
			children = (
				92BF08C12944868100E37B14 /* p2hacksUITests.swift */,
				92BF08C32944868100E37B14 /* p2hacksUITestsLaunchTests.swift */,
			);
			path = p2hacksUITests;
			sourceTree = "<group>";
		};
		C04FFBB55DED69BAA3398042 /* Frameworks */ = {
			isa = PBXGroup;
			children = (
				C178589942D1E8CB850C3416 /* Pods_p2hacks.framework */,
				CBAB89BF4AAA917E1787B6AB /* Pods_p2hacks_p2hacksUITests.framework */,
				2DE6FD39B1F35B0F2A497FF3 /* Pods_p2hacksTests.framework */,
			);
			name = Frameworks;
			sourceTree = "<group>";
		};
		ED71125D9ECCEDDC310826EB /* Pods */ = {
			isa = PBXGroup;
			children = (
				D7810C7DBE7CCAD3CF604A6E /* Pods-p2hacks.debug.xcconfig */,
				EC122A386119BBAC28F05F71 /* Pods-p2hacks.release.xcconfig */,
				F06445BF9A5F3521BFD764BA /* Pods-p2hacks-p2hacksUITests.debug.xcconfig */,
				3E8BBC7F20E1B4F6A9AFD62C /* Pods-p2hacks-p2hacksUITests.release.xcconfig */,
				D33C7071CF22C67C21C609B5 /* Pods-p2hacksTests.debug.xcconfig */,
				4B93750AE22F158B4776A67D /* Pods-p2hacksTests.release.xcconfig */,
			);
			path = Pods;
			sourceTree = "<group>";
		};
/* End PBXGroup section */

/* Begin PBXNativeTarget section */
		92BF08992944868000E37B14 /* p2hacks */ = {
			isa = PBXNativeTarget;
			buildConfigurationList = 92BF08C72944868100E37B14 /* Build configuration list for PBXNativeTarget "p2hacks" */;
			buildPhases = (
				F2E48B918A98C399FE5CDA11 /* [CP] Check Pods Manifest.lock */,
				92BF08962944868000E37B14 /* Sources */,
				92BF08972944868000E37B14 /* Frameworks */,
				92BF08982944868000E37B14 /* Resources */,
				DC8983936E68692C9CD3D0E6 /* [CP] Embed Pods Frameworks */,
			);
			buildRules = (
			);
			dependencies = (
			);
			name = p2hacks;
			productName = p2hacks;
			productReference = 92BF089A2944868000E37B14 /* p2hacks.app */;
			productType = "com.apple.product-type.application";
		};
		92BF08B22944868100E37B14 /* p2hacksTests */ = {
			isa = PBXNativeTarget;
			buildConfigurationList = 92BF08CA2944868100E37B14 /* Build configuration list for PBXNativeTarget "p2hacksTests" */;
			buildPhases = (
				41FDBBB26CACA53A5012626F /* [CP] Check Pods Manifest.lock */,
				92BF08AF2944868100E37B14 /* Sources */,
				92BF08B02944868100E37B14 /* Frameworks */,
				92BF08B12944868100E37B14 /* Resources */,
			);
			buildRules = (
			);
			dependencies = (
				92BF08B52944868100E37B14 /* PBXTargetDependency */,
			);
			name = p2hacksTests;
			productName = p2hacksTests;
			productReference = 92BF08B32944868100E37B14 /* p2hacksTests.xctest */;
			productType = "com.apple.product-type.bundle.unit-test";
		};
		92BF08BC2944868100E37B14 /* p2hacksUITests */ = {
			isa = PBXNativeTarget;
			buildConfigurationList = 92BF08CD2944868100E37B14 /* Build configuration list for PBXNativeTarget "p2hacksUITests" */;
			buildPhases = (
				A8AADB018C269C1B53EE68F1 /* [CP] Check Pods Manifest.lock */,
				92BF08B92944868100E37B14 /* Sources */,
				92BF08BA2944868100E37B14 /* Frameworks */,
				92BF08BB2944868100E37B14 /* Resources */,
				F688D753F007A63045D76D76 /* [CP] Embed Pods Frameworks */,
			);
			buildRules = (
			);
			dependencies = (
				92BF08BF2944868100E37B14 /* PBXTargetDependency */,
			);
			name = p2hacksUITests;
			productName = p2hacksUITests;
			productReference = 92BF08BD2944868100E37B14 /* p2hacksUITests.xctest */;
			productType = "com.apple.product-type.bundle.ui-testing";
		};
/* End PBXNativeTarget section */

/* Begin PBXProject section */
		92BF08922944868000E37B14 /* Project object */ = {
			isa = PBXProject;
			attributes = {
				BuildIndependentTargetsInParallel = 1;
				LastSwiftUpdateCheck = 1410;
				LastUpgradeCheck = 1410;
				TargetAttributes = {
					92BF08992944868000E37B14 = {
						CreatedOnToolsVersion = 14.1;
					};
					92BF08B22944868100E37B14 = {
						CreatedOnToolsVersion = 14.1;
						TestTargetID = 92BF08992944868000E37B14;
					};
					92BF08BC2944868100E37B14 = {
						CreatedOnToolsVersion = 14.1;
						TestTargetID = 92BF08992944868000E37B14;
					};
				};
			};
			buildConfigurationList = 92BF08952944868000E37B14 /* Build configuration list for PBXProject "p2hacks" */;
			compatibilityVersion = "Xcode 14.0";
			developmentRegion = en;
			hasScannedForEncodings = 0;
			knownRegions = (
				en,
				Base,
			);
			mainGroup = 92BF08912944868000E37B14;
			productRefGroup = 92BF089B2944868000E37B14 /* Products */;
			projectDirPath = "";
			projectRoot = "";
			targets = (
				92BF08992944868000E37B14 /* p2hacks */,
				92BF08B22944868100E37B14 /* p2hacksTests */,
				92BF08BC2944868100E37B14 /* p2hacksUITests */,
			);
		};
/* End PBXProject section */

/* Begin PBXResourcesBuildPhase section */
		92BF08982944868000E37B14 /* Resources */ = {
			isa = PBXResourcesBuildPhase;
			buildActionMask = 2147483647;
			files = (
				8730B96C29474D89006BB0C3 /* Post.storyboard in Resources */,
				92BF08AD2944868100E37B14 /* LaunchScreen.storyboard in Resources */,
				92FCA4D5294757E400297B5B /* CustomCellCollectionViewCell.xib in Resources */,
				92BF08AA2944868100E37B14 /* Assets.xcassets in Resources */,
				87D97074294B23F8006814B0 /* Data.json in Resources */,
				8730B96E29474DA3006BB0C3 /* Detail.storyboard in Resources */,
				92BF08A52944868000E37B14 /* Itiran.storyboard in Resources */,
			);
			runOnlyForDeploymentPostprocessing = 0;
		};
		92BF08B12944868100E37B14 /* Resources */ = {
			isa = PBXResourcesBuildPhase;
			buildActionMask = 2147483647;
			files = (
			);
			runOnlyForDeploymentPostprocessing = 0;
		};
		92BF08BB2944868100E37B14 /* Resources */ = {
			isa = PBXResourcesBuildPhase;
			buildActionMask = 2147483647;
			files = (
			);
			runOnlyForDeploymentPostprocessing = 0;
		};
/* End PBXResourcesBuildPhase section */

/* Begin PBXShellScriptBuildPhase section */
		41FDBBB26CACA53A5012626F /* [CP] Check Pods Manifest.lock */ = {
			isa = PBXShellScriptBuildPhase;
			buildActionMask = 2147483647;
			files = (
			);
			inputFileListPaths = (
			);
			inputPaths = (
				"${PODS_PODFILE_DIR_PATH}/Podfile.lock",
				"${PODS_ROOT}/Manifest.lock",
			);
			name = "[CP] Check Pods Manifest.lock";
			outputFileListPaths = (
			);
			outputPaths = (
				"$(DERIVED_FILE_DIR)/Pods-p2hacksTests-checkManifestLockResult.txt",
			);
			runOnlyForDeploymentPostprocessing = 0;
			shellPath = /bin/sh;
			shellScript = "diff \"${PODS_PODFILE_DIR_PATH}/Podfile.lock\" \"${PODS_ROOT}/Manifest.lock\" > /dev/null\nif [ $? != 0 ] ; then\n    # print error to STDERR\n    echo \"error: The sandbox is not in sync with the Podfile.lock. Run 'pod install' or update your CocoaPods installation.\" >&2\n    exit 1\nfi\n# This output is used by Xcode 'outputs' to avoid re-running this script phase.\necho \"SUCCESS\" > \"${SCRIPT_OUTPUT_FILE_0}\"\n";
			showEnvVarsInLog = 0;
		};
		A8AADB018C269C1B53EE68F1 /* [CP] Check Pods Manifest.lock */ = {
			isa = PBXShellScriptBuildPhase;
			buildActionMask = 2147483647;
			files = (
			);
			inputFileListPaths = (
			);
			inputPaths = (
				"${PODS_PODFILE_DIR_PATH}/Podfile.lock",
				"${PODS_ROOT}/Manifest.lock",
			);
			name = "[CP] Check Pods Manifest.lock";
			outputFileListPaths = (
			);
			outputPaths = (
				"$(DERIVED_FILE_DIR)/Pods-p2hacks-p2hacksUITests-checkManifestLockResult.txt",
			);
			runOnlyForDeploymentPostprocessing = 0;
			shellPath = /bin/sh;
			shellScript = "diff \"${PODS_PODFILE_DIR_PATH}/Podfile.lock\" \"${PODS_ROOT}/Manifest.lock\" > /dev/null\nif [ $? != 0 ] ; then\n    # print error to STDERR\n    echo \"error: The sandbox is not in sync with the Podfile.lock. Run 'pod install' or update your CocoaPods installation.\" >&2\n    exit 1\nfi\n# This output is used by Xcode 'outputs' to avoid re-running this script phase.\necho \"SUCCESS\" > \"${SCRIPT_OUTPUT_FILE_0}\"\n";
			showEnvVarsInLog = 0;
		};
		DC8983936E68692C9CD3D0E6 /* [CP] Embed Pods Frameworks */ = {
			isa = PBXShellScriptBuildPhase;
			buildActionMask = 2147483647;
			files = (
			);
			inputFileListPaths = (
				"${PODS_ROOT}/Target Support Files/Pods-p2hacks/Pods-p2hacks-frameworks-${CONFIGURATION}-input-files.xcfilelist",
			);
			name = "[CP] Embed Pods Frameworks";
			outputFileListPaths = (
				"${PODS_ROOT}/Target Support Files/Pods-p2hacks/Pods-p2hacks-frameworks-${CONFIGURATION}-output-files.xcfilelist",
			);
			runOnlyForDeploymentPostprocessing = 0;
			shellPath = /bin/sh;
			shellScript = "\"${PODS_ROOT}/Target Support Files/Pods-p2hacks/Pods-p2hacks-frameworks.sh\"\n";
			showEnvVarsInLog = 0;
		};
		F2E48B918A98C399FE5CDA11 /* [CP] Check Pods Manifest.lock */ = {
			isa = PBXShellScriptBuildPhase;
			buildActionMask = 2147483647;
			files = (
			);
			inputFileListPaths = (
			);
			inputPaths = (
				"${PODS_PODFILE_DIR_PATH}/Podfile.lock",
				"${PODS_ROOT}/Manifest.lock",
			);
			name = "[CP] Check Pods Manifest.lock";
			outputFileListPaths = (
			);
			outputPaths = (
				"$(DERIVED_FILE_DIR)/Pods-p2hacks-checkManifestLockResult.txt",
			);
			runOnlyForDeploymentPostprocessing = 0;
			shellPath = /bin/sh;
			shellScript = "diff \"${PODS_PODFILE_DIR_PATH}/Podfile.lock\" \"${PODS_ROOT}/Manifest.lock\" > /dev/null\nif [ $? != 0 ] ; then\n    # print error to STDERR\n    echo \"error: The sandbox is not in sync with the Podfile.lock. Run 'pod install' or update your CocoaPods installation.\" >&2\n    exit 1\nfi\n# This output is used by Xcode 'outputs' to avoid re-running this script phase.\necho \"SUCCESS\" > \"${SCRIPT_OUTPUT_FILE_0}\"\n";
			showEnvVarsInLog = 0;
		};
		F688D753F007A63045D76D76 /* [CP] Embed Pods Frameworks */ = {
			isa = PBXShellScriptBuildPhase;
			buildActionMask = 2147483647;
			files = (
			);
			inputFileListPaths = (
				"${PODS_ROOT}/Target Support Files/Pods-p2hacks-p2hacksUITests/Pods-p2hacks-p2hacksUITests-frameworks-${CONFIGURATION}-input-files.xcfilelist",
			);
			name = "[CP] Embed Pods Frameworks";
			outputFileListPaths = (
				"${PODS_ROOT}/Target Support Files/Pods-p2hacks-p2hacksUITests/Pods-p2hacks-p2hacksUITests-frameworks-${CONFIGURATION}-output-files.xcfilelist",
			);
			runOnlyForDeploymentPostprocessing = 0;
			shellPath = /bin/sh;
			shellScript = "\"${PODS_ROOT}/Target Support Files/Pods-p2hacks-p2hacksUITests/Pods-p2hacks-p2hacksUITests-frameworks.sh\"\n";
			showEnvVarsInLog = 0;
		};
/* End PBXShellScriptBuildPhase section */

/* Begin PBXSourcesBuildPhase section */
		92BF08962944868000E37B14 /* Sources */ = {
			isa = PBXSourcesBuildPhase;
			buildActionMask = 2147483647;
			files = (
				92FCA4D72947612400297B5B /* DemoModel.swift in Sources */,
				87D9706B2949D298006814B0 /* Post.swift in Sources */,
				8730B97229474E08006BB0C3 /* PostViewController.swift in Sources */,
				92BF08A82944868000E37B14 /* p2hacks.xcdatamodeld in Sources */,
				92BF08A22944868000E37B14 /* ItiranViewController.swift in Sources */,
				8730B97029474DB4006BB0C3 /* DetailViewController.swift in Sources */,
				92BF089E2944868000E37B14 /* AppDelegate.swift in Sources */,
				92FCA4D4294757E400297B5B /* CustomCellCollectionViewCell.swift in Sources */,
				92BF08A02944868000E37B14 /* SceneDelegate.swift in Sources */,
			);
			runOnlyForDeploymentPostprocessing = 0;
		};
		92BF08AF2944868100E37B14 /* Sources */ = {
			isa = PBXSourcesBuildPhase;
			buildActionMask = 2147483647;
			files = (
				92BF08B82944868100E37B14 /* p2hacksTests.swift in Sources */,
			);
			runOnlyForDeploymentPostprocessing = 0;
		};
		92BF08B92944868100E37B14 /* Sources */ = {
			isa = PBXSourcesBuildPhase;
			buildActionMask = 2147483647;
			files = (
				92BF08C22944868100E37B14 /* p2hacksUITests.swift in Sources */,
				92BF08C42944868100E37B14 /* p2hacksUITestsLaunchTests.swift in Sources */,
			);
			runOnlyForDeploymentPostprocessing = 0;
		};
/* End PBXSourcesBuildPhase section */

/* Begin PBXTargetDependency section */
		92BF08B52944868100E37B14 /* PBXTargetDependency */ = {
			isa = PBXTargetDependency;
			target = 92BF08992944868000E37B14 /* p2hacks */;
			targetProxy = 92BF08B42944868100E37B14 /* PBXContainerItemProxy */;
		};
		92BF08BF2944868100E37B14 /* PBXTargetDependency */ = {
			isa = PBXTargetDependency;
			target = 92BF08992944868000E37B14 /* p2hacks */;
			targetProxy = 92BF08BE2944868100E37B14 /* PBXContainerItemProxy */;
		};
/* End PBXTargetDependency section */

/* Begin PBXVariantGroup section */
		92BF08A32944868000E37B14 /* Itiran.storyboard */ = {
			isa = PBXVariantGroup;
			children = (
				92BF08A42944868000E37B14 /* Base */,
			);
			name = Itiran.storyboard;
			sourceTree = "<group>";
		};
		92BF08AB2944868100E37B14 /* LaunchScreen.storyboard */ = {
			isa = PBXVariantGroup;
			children = (
				92BF08AC2944868100E37B14 /* Base */,
			);
			name = LaunchScreen.storyboard;
			sourceTree = "<group>";
		};
/* End PBXVariantGroup section */

/* Begin XCBuildConfiguration section */
		92BF08C52944868100E37B14 /* Debug */ = {
			isa = XCBuildConfiguration;
			buildSettings = {
				ALWAYS_SEARCH_USER_PATHS = NO;
				CLANG_ANALYZER_NONNULL = YES;
				CLANG_ANALYZER_NUMBER_OBJECT_CONVERSION = YES_AGGRESSIVE;
				CLANG_CXX_LANGUAGE_STANDARD = "gnu++20";
				CLANG_ENABLE_MODULES = YES;
				CLANG_ENABLE_OBJC_ARC = YES;
				CLANG_ENABLE_OBJC_WEAK = YES;
				CLANG_WARN_BLOCK_CAPTURE_AUTORELEASING = YES;
				CLANG_WARN_BOOL_CONVERSION = YES;
				CLANG_WARN_COMMA = YES;
				CLANG_WARN_CONSTANT_CONVERSION = YES;
				CLANG_WARN_DEPRECATED_OBJC_IMPLEMENTATIONS = YES;
				CLANG_WARN_DIRECT_OBJC_ISA_USAGE = YES_ERROR;
				CLANG_WARN_DOCUMENTATION_COMMENTS = YES;
				CLANG_WARN_EMPTY_BODY = YES;
				CLANG_WARN_ENUM_CONVERSION = YES;
				CLANG_WARN_INFINITE_RECURSION = YES;
				CLANG_WARN_INT_CONVERSION = YES;
				CLANG_WARN_NON_LITERAL_NULL_CONVERSION = YES;
				CLANG_WARN_OBJC_IMPLICIT_RETAIN_SELF = YES;
				CLANG_WARN_OBJC_LITERAL_CONVERSION = YES;
				CLANG_WARN_OBJC_ROOT_CLASS = YES_ERROR;
				CLANG_WARN_QUOTED_INCLUDE_IN_FRAMEWORK_HEADER = YES;
				CLANG_WARN_RANGE_LOOP_ANALYSIS = YES;
				CLANG_WARN_STRICT_PROTOTYPES = YES;
				CLANG_WARN_SUSPICIOUS_MOVE = YES;
				CLANG_WARN_UNGUARDED_AVAILABILITY = YES_AGGRESSIVE;
				CLANG_WARN_UNREACHABLE_CODE = YES;
				CLANG_WARN__DUPLICATE_METHOD_MATCH = YES;
				COPY_PHASE_STRIP = NO;
				DEBUG_INFORMATION_FORMAT = dwarf;
				ENABLE_STRICT_OBJC_MSGSEND = YES;
				ENABLE_TESTABILITY = YES;
				GCC_C_LANGUAGE_STANDARD = gnu11;
				GCC_DYNAMIC_NO_PIC = NO;
				GCC_NO_COMMON_BLOCKS = YES;
				GCC_OPTIMIZATION_LEVEL = 0;
				GCC_PREPROCESSOR_DEFINITIONS = (
					"DEBUG=1",
					"$(inherited)",
				);
				GCC_WARN_64_TO_32_BIT_CONVERSION = YES;
				GCC_WARN_ABOUT_RETURN_TYPE = YES_ERROR;
				GCC_WARN_UNDECLARED_SELECTOR = YES;
				GCC_WARN_UNINITIALIZED_AUTOS = YES_AGGRESSIVE;
				GCC_WARN_UNUSED_FUNCTION = YES;
				GCC_WARN_UNUSED_VARIABLE = YES;
				IPHONEOS_DEPLOYMENT_TARGET = 16.1;
				MTL_ENABLE_DEBUG_INFO = INCLUDE_SOURCE;
				MTL_FAST_MATH = YES;
				ONLY_ACTIVE_ARCH = YES;
				SDKROOT = iphoneos;
				SWIFT_ACTIVE_COMPILATION_CONDITIONS = DEBUG;
				SWIFT_OPTIMIZATION_LEVEL = "-Onone";
			};
			name = Debug;
		};
		92BF08C62944868100E37B14 /* Release */ = {
			isa = XCBuildConfiguration;
			buildSettings = {
				ALWAYS_SEARCH_USER_PATHS = NO;
				CLANG_ANALYZER_NONNULL = YES;
				CLANG_ANALYZER_NUMBER_OBJECT_CONVERSION = YES_AGGRESSIVE;
				CLANG_CXX_LANGUAGE_STANDARD = "gnu++20";
				CLANG_ENABLE_MODULES = YES;
				CLANG_ENABLE_OBJC_ARC = YES;
				CLANG_ENABLE_OBJC_WEAK = YES;
				CLANG_WARN_BLOCK_CAPTURE_AUTORELEASING = YES;
				CLANG_WARN_BOOL_CONVERSION = YES;
				CLANG_WARN_COMMA = YES;
				CLANG_WARN_CONSTANT_CONVERSION = YES;
				CLANG_WARN_DEPRECATED_OBJC_IMPLEMENTATIONS = YES;
				CLANG_WARN_DIRECT_OBJC_ISA_USAGE = YES_ERROR;
				CLANG_WARN_DOCUMENTATION_COMMENTS = YES;
				CLANG_WARN_EMPTY_BODY = YES;
				CLANG_WARN_ENUM_CONVERSION = YES;
				CLANG_WARN_INFINITE_RECURSION = YES;
				CLANG_WARN_INT_CONVERSION = YES;
				CLANG_WARN_NON_LITERAL_NULL_CONVERSION = YES;
				CLANG_WARN_OBJC_IMPLICIT_RETAIN_SELF = YES;
				CLANG_WARN_OBJC_LITERAL_CONVERSION = YES;
				CLANG_WARN_OBJC_ROOT_CLASS = YES_ERROR;
				CLANG_WARN_QUOTED_INCLUDE_IN_FRAMEWORK_HEADER = YES;
				CLANG_WARN_RANGE_LOOP_ANALYSIS = YES;
				CLANG_WARN_STRICT_PROTOTYPES = YES;
				CLANG_WARN_SUSPICIOUS_MOVE = YES;
				CLANG_WARN_UNGUARDED_AVAILABILITY = YES_AGGRESSIVE;
				CLANG_WARN_UNREACHABLE_CODE = YES;
				CLANG_WARN__DUPLICATE_METHOD_MATCH = YES;
				COPY_PHASE_STRIP = NO;
				DEBUG_INFORMATION_FORMAT = "dwarf-with-dsym";
				ENABLE_NS_ASSERTIONS = NO;
				ENABLE_STRICT_OBJC_MSGSEND = YES;
				GCC_C_LANGUAGE_STANDARD = gnu11;
				GCC_NO_COMMON_BLOCKS = YES;
				GCC_WARN_64_TO_32_BIT_CONVERSION = YES;
				GCC_WARN_ABOUT_RETURN_TYPE = YES_ERROR;
				GCC_WARN_UNDECLARED_SELECTOR = YES;
				GCC_WARN_UNINITIALIZED_AUTOS = YES_AGGRESSIVE;
				GCC_WARN_UNUSED_FUNCTION = YES;
				GCC_WARN_UNUSED_VARIABLE = YES;
				IPHONEOS_DEPLOYMENT_TARGET = 16.1;
				MTL_ENABLE_DEBUG_INFO = NO;
				MTL_FAST_MATH = YES;
				SDKROOT = iphoneos;
				SWIFT_COMPILATION_MODE = wholemodule;
				SWIFT_OPTIMIZATION_LEVEL = "-O";
				VALIDATE_PRODUCT = YES;
			};
			name = Release;
		};
		92BF08C82944868100E37B14 /* Debug */ = {
			isa = XCBuildConfiguration;
			baseConfigurationReference = D7810C7DBE7CCAD3CF604A6E /* Pods-p2hacks.debug.xcconfig */;
			buildSettings = {
				ASSETCATALOG_COMPILER_APPICON_NAME = AppIcon;
				ASSETCATALOG_COMPILER_GLOBAL_ACCENT_COLOR_NAME = AccentColor;
				CODE_SIGN_STYLE = Automatic;
				CURRENT_PROJECT_VERSION = 1;
				DEVELOPMENT_TEAM = S539G95T8G;
				GENERATE_INFOPLIST_FILE = YES;
				INFOPLIST_FILE = p2hacks/Info.plist;
				INFOPLIST_KEY_UIApplicationSupportsIndirectInputEvents = YES;
				INFOPLIST_KEY_UILaunchStoryboardName = LaunchScreen;
				INFOPLIST_KEY_UIMainStoryboardFile = Itiran;
				INFOPLIST_KEY_UISupportedInterfaceOrientations_iPad = "UIInterfaceOrientationPortrait UIInterfaceOrientationPortraitUpsideDown UIInterfaceOrientationLandscapeLeft UIInterfaceOrientationLandscapeRight";
				INFOPLIST_KEY_UISupportedInterfaceOrientations_iPhone = "UIInterfaceOrientationPortrait UIInterfaceOrientationLandscapeLeft UIInterfaceOrientationLandscapeRight";
				IPHONEOS_DEPLOYMENT_TARGET = 15.6;
				LD_RUNPATH_SEARCH_PATHS = (
					"$(inherited)",
					"@executable_path/Frameworks",
				);
				MARKETING_VERSION = 1.0;
				PRODUCT_BUNDLE_IDENTIFIER = com.example.p2hacks1212;
				PRODUCT_NAME = "$(TARGET_NAME)";
				SWIFT_EMIT_LOC_STRINGS = YES;
				SWIFT_VERSION = 5.0;
				TARGETED_DEVICE_FAMILY = "1,2";
			};
			name = Debug;
		};
		92BF08C92944868100E37B14 /* Release */ = {
			isa = XCBuildConfiguration;
			baseConfigurationReference = EC122A386119BBAC28F05F71 /* Pods-p2hacks.release.xcconfig */;
			buildSettings = {
				ASSETCATALOG_COMPILER_APPICON_NAME = AppIcon;
				ASSETCATALOG_COMPILER_GLOBAL_ACCENT_COLOR_NAME = AccentColor;
				CODE_SIGN_STYLE = Automatic;
				CURRENT_PROJECT_VERSION = 1;
				DEVELOPMENT_TEAM = S539G95T8G;
				GENERATE_INFOPLIST_FILE = YES;
				INFOPLIST_FILE = p2hacks/Info.plist;
				INFOPLIST_KEY_UIApplicationSupportsIndirectInputEvents = YES;
				INFOPLIST_KEY_UILaunchStoryboardName = LaunchScreen;
				INFOPLIST_KEY_UIMainStoryboardFile = Itiran;
				INFOPLIST_KEY_UISupportedInterfaceOrientations_iPad = "UIInterfaceOrientationPortrait UIInterfaceOrientationPortraitUpsideDown UIInterfaceOrientationLandscapeLeft UIInterfaceOrientationLandscapeRight";
				INFOPLIST_KEY_UISupportedInterfaceOrientations_iPhone = "UIInterfaceOrientationPortrait UIInterfaceOrientationLandscapeLeft UIInterfaceOrientationLandscapeRight";
				IPHONEOS_DEPLOYMENT_TARGET = 15.6;
				LD_RUNPATH_SEARCH_PATHS = (
					"$(inherited)",
					"@executable_path/Frameworks",
				);
				MARKETING_VERSION = 1.0;
				PRODUCT_BUNDLE_IDENTIFIER = com.example.p2hacks1212;
				PRODUCT_NAME = "$(TARGET_NAME)";
				SWIFT_EMIT_LOC_STRINGS = YES;
				SWIFT_VERSION = 5.0;
				TARGETED_DEVICE_FAMILY = "1,2";
			};
			name = Release;
		};
		92BF08CB2944868100E37B14 /* Debug */ = {
			isa = XCBuildConfiguration;
			baseConfigurationReference = D33C7071CF22C67C21C609B5 /* Pods-p2hacksTests.debug.xcconfig */;
			buildSettings = {
				ALWAYS_EMBED_SWIFT_STANDARD_LIBRARIES = YES;
				BUNDLE_LOADER = "$(TEST_HOST)";
				CODE_SIGN_STYLE = Automatic;
				CURRENT_PROJECT_VERSION = 1;
				DEVELOPMENT_TEAM = BWL68L4987;
				GENERATE_INFOPLIST_FILE = YES;
				IPHONEOS_DEPLOYMENT_TARGET = 16.1;
				MARKETING_VERSION = 1.0;
				PRODUCT_BUNDLE_IDENTIFIER = com.example.p2hacksTests;
				PRODUCT_NAME = "$(TARGET_NAME)";
				SWIFT_EMIT_LOC_STRINGS = NO;
				SWIFT_VERSION = 5.0;
				TARGETED_DEVICE_FAMILY = "1,2";
				TEST_HOST = "$(BUILT_PRODUCTS_DIR)/p2hacks.app/$(BUNDLE_EXECUTABLE_FOLDER_PATH)/p2hacks";
			};
			name = Debug;
		};
		92BF08CC2944868100E37B14 /* Release */ = {
			isa = XCBuildConfiguration;
			baseConfigurationReference = 4B93750AE22F158B4776A67D /* Pods-p2hacksTests.release.xcconfig */;
			buildSettings = {
				ALWAYS_EMBED_SWIFT_STANDARD_LIBRARIES = YES;
				BUNDLE_LOADER = "$(TEST_HOST)";
				CODE_SIGN_STYLE = Automatic;
				CURRENT_PROJECT_VERSION = 1;
				DEVELOPMENT_TEAM = BWL68L4987;
				GENERATE_INFOPLIST_FILE = YES;
				IPHONEOS_DEPLOYMENT_TARGET = 16.1;
				MARKETING_VERSION = 1.0;
				PRODUCT_BUNDLE_IDENTIFIER = com.example.p2hacksTests;
				PRODUCT_NAME = "$(TARGET_NAME)";
				SWIFT_EMIT_LOC_STRINGS = NO;
				SWIFT_VERSION = 5.0;
				TARGETED_DEVICE_FAMILY = "1,2";
				TEST_HOST = "$(BUILT_PRODUCTS_DIR)/p2hacks.app/$(BUNDLE_EXECUTABLE_FOLDER_PATH)/p2hacks";
			};
			name = Release;
		};
		92BF08CE2944868100E37B14 /* Debug */ = {
			isa = XCBuildConfiguration;
			baseConfigurationReference = F06445BF9A5F3521BFD764BA /* Pods-p2hacks-p2hacksUITests.debug.xcconfig */;
			buildSettings = {
				ALWAYS_EMBED_SWIFT_STANDARD_LIBRARIES = YES;
				CODE_SIGN_STYLE = Automatic;
				CURRENT_PROJECT_VERSION = 1;
				DEVELOPMENT_TEAM = BWL68L4987;
				GENERATE_INFOPLIST_FILE = YES;
				MARKETING_VERSION = 1.0;
				PRODUCT_BUNDLE_IDENTIFIER = com.example.p2hacksUITests;
				PRODUCT_NAME = "$(TARGET_NAME)";
				SWIFT_EMIT_LOC_STRINGS = NO;
				SWIFT_VERSION = 5.0;
				TARGETED_DEVICE_FAMILY = "1,2";
				TEST_TARGET_NAME = p2hacks;
			};
			name = Debug;
		};
		92BF08CF2944868100E37B14 /* Release */ = {
			isa = XCBuildConfiguration;
			baseConfigurationReference = 3E8BBC7F20E1B4F6A9AFD62C /* Pods-p2hacks-p2hacksUITests.release.xcconfig */;
			buildSettings = {
				ALWAYS_EMBED_SWIFT_STANDARD_LIBRARIES = YES;
				CODE_SIGN_STYLE = Automatic;
				CURRENT_PROJECT_VERSION = 1;
				DEVELOPMENT_TEAM = BWL68L4987;
				GENERATE_INFOPLIST_FILE = YES;
				MARKETING_VERSION = 1.0;
				PRODUCT_BUNDLE_IDENTIFIER = com.example.p2hacksUITests;
				PRODUCT_NAME = "$(TARGET_NAME)";
				SWIFT_EMIT_LOC_STRINGS = NO;
				SWIFT_VERSION = 5.0;
				TARGETED_DEVICE_FAMILY = "1,2";
				TEST_TARGET_NAME = p2hacks;
			};
			name = Release;
		};
/* End XCBuildConfiguration section */

/* Begin XCConfigurationList section */
		92BF08952944868000E37B14 /* Build configuration list for PBXProject "p2hacks" */ = {
			isa = XCConfigurationList;
			buildConfigurations = (
				92BF08C52944868100E37B14 /* Debug */,
				92BF08C62944868100E37B14 /* Release */,
			);
			defaultConfigurationIsVisible = 0;
			defaultConfigurationName = Release;
		};
		92BF08C72944868100E37B14 /* Build configuration list for PBXNativeTarget "p2hacks" */ = {
			isa = XCConfigurationList;
			buildConfigurations = (
				92BF08C82944868100E37B14 /* Debug */,
				92BF08C92944868100E37B14 /* Release */,
			);
			defaultConfigurationIsVisible = 0;
			defaultConfigurationName = Release;
		};
		92BF08CA2944868100E37B14 /* Build configuration list for PBXNativeTarget "p2hacksTests" */ = {
			isa = XCConfigurationList;
			buildConfigurations = (
				92BF08CB2944868100E37B14 /* Debug */,
				92BF08CC2944868100E37B14 /* Release */,
			);
			defaultConfigurationIsVisible = 0;
			defaultConfigurationName = Release;
		};
		92BF08CD2944868100E37B14 /* Build configuration list for PBXNativeTarget "p2hacksUITests" */ = {
			isa = XCConfigurationList;
			buildConfigurations = (
				92BF08CE2944868100E37B14 /* Debug */,
				92BF08CF2944868100E37B14 /* Release */,
			);
			defaultConfigurationIsVisible = 0;
			defaultConfigurationName = Release;
		};
/* End XCConfigurationList section */

/* Begin XCVersionGroup section */
		92BF08A62944868000E37B14 /* p2hacks.xcdatamodeld */ = {
			isa = XCVersionGroup;
			children = (
				92BF08A72944868000E37B14 /* p2hacks.xcdatamodel */,
			);
			currentVersion = 92BF08A72944868000E37B14 /* p2hacks.xcdatamodel */;
			path = p2hacks.xcdatamodeld;
			sourceTree = "<group>";
			versionGroupType = wrapper.xcdatamodel;
		};
/* End XCVersionGroup section */
	};
	rootObject = 92BF08922944868000E37B14 /* Project object */;
}
